{
  "name": "tools",
  "version": "1.0.0",
  "lockfileVersion": 3,
  "requires": true,
  "packages": {
    "": {
      "name": "tools",
      "version": "1.0.0",
      "license": "ISC",
      "dependencies": {
        "@rescript/core": "^1.1.0",
        "rescript": "^11.0.1",
        "rescript-nodejs": "^16.1.0"
      }
    },
    "node_modules/@rescript/core": {
      "version": "1.1.0",
      "resolved": "https://registry.npmjs.org/@rescript/core/-/core-1.1.0.tgz",
      "integrity": "sha512-pz/CL8+9hBUTeMpUouvZohNsa5rqIwurlXoa1CZWN0ZKuWjMVjaoQ3V+0NB72J/QBbs6/8W82VABKBaDn3fGCA==",
      "peerDependencies": {
        "rescript": ">=11.0.0 || ^11.1.0-rc.2"
      }
    },
    "node_modules/rescript": {
      "version": "11.0.1",
      "resolved": "https://registry.npmjs.org/rescript/-/rescript-11.0.1.tgz",
      "integrity": "sha512-7T4PRp/d0+CBNnY6PYKffFqo9tGZlvnZpboF/n+8SKS+JZ6VvXJO7W538VPZXf3EYx1COGAWWvkF9e/HgSAqHg==",
      "hasInstallScript": true,
      "bin": {
        "bsc": "bsc",
        "bstracing": "lib/bstracing",
        "rescript": "rescript"
      },
      "engines": {
        "node": ">=10"
      }
    },
    "node_modules/rescript-nodejs": {
      "version": "16.1.0",
      "resolved": "https://registry.npmjs.org/rescript-nodejs/-/rescript-nodejs-16.1.0.tgz",
      "integrity": "sha512-RyXGIEsb8UhuShf5PwKcTkYNPz+cPQ0CZq74lbYCbCa5YFidbmiIWpQhCMtpsgP1PkLClhKGDkfZfmwwNOil4Q=="
    }
  }
}
